
Microsoft Visual Studio Solution File, Format Version 12.00
# Visual Studio 14
VisualStudioVersion = 14.0.23107.0
MinimumVisualStudioVersion = 10.0.40219.1
Project("{FAE04EC0-301F-11D3-BF4B-00C04F79EFBC}") = "ShelbyMurphy", "2_1_2015_WSite\ShelbyMurphy.csproj", "{F3670A48-8387-4AE9-8DBE-D37C4A939163}"
EndProject
Project("{FAE04EC0-301F-11D3-BF4B-00C04F79EFBC}") = "ShelbyMurphy.Data", "2_1_2015_WSite.Data\ShelbyMurphy.Data.csproj", "{A2006C80-0426-4D71-B143-D80650CA234D}"
EndProject
Project("{FAE04EC0-301F-11D3-BF4B-00C04F79EFBC}") = "ShelbyMurphy.Data.Models", "2_1_2015_WSite.Data.Models\ShelbyMurphy.Data.Models.csproj", "{680D6D1F-9463-47A2-85C4-F9F8BAC760A1}"
EndProject
Global
	GlobalSection(SolutionConfigurationPlatforms) = preSolution
		Debug|Any CPU = Debug|Any CPU
		Release|Any CPU = Release|Any CPU
	EndGlobalSection
	GlobalSection(ProjectConfigurationPlatforms) = postSolution
		{F3670A48-8387-4AE9-8DBE-D37C4A939163}.Debug|Any CPU.ActiveCfg = Debug|Any CPU
		{F3670A48-8387-4AE9-8DBE-D37C4A939163}.Debug|Any CPU.Build.0 = Debug|Any CPU
		{F3670A48-8387-4AE9-8DBE-D37C4A939163}.Release|Any CPU.ActiveCfg = Release|Any CPU
		{F3670A48-8387-4AE9-8DBE-D37C4A939163}.Release|Any CPU.Build.0 = Release|Any CPU
		{A2006C80-0426-4D71-B143-D80650CA234D}.Debug|Any CPU.ActiveCfg = Debug|Any CPU
		{A2006C80-0426-4D71-B143-D80650CA234D}.Debug|Any CPU.Build.0 = Debug|Any CPU
		{A2006C80-0426-4D71-B143-D80650CA234D}.Release|Any CPU.ActiveCfg = Release|Any CPU
		{A2006C80-0426-4D71-B143-D80650CA234D}.Release|Any CPU.Build.0 = Release|Any CPU
		{680D6D1F-9463-47A2-85C4-F9F8BAC760A1}.Debug|Any CPU.ActiveCfg = Debug|Any CPU
		{680D6D1F-9463-47A2-85C4-F9F8BAC760A1}.Debug|Any CPU.Build.0 = Debug|Any CPU
		{680D6D1F-9463-47A2-85C4-F9F8BAC760A1}.Release|Any CPU.ActiveCfg = Release|Any CPU
		{680D6D1F-9463-47A2-85C4-F9F8BAC760A1}.Release|Any CPU.Build.0 = Release|Any CPU
	EndGlobalSection
	GlobalSection(SolutionProperties) = preSolution
		HideSolutionNode = FALSE
	EndGlobalSection
EndGlobal
